
Microsoft Visual Studio Solution File, Format Version 12.00
# Visual Studio Version 17
VisualStudioVersion = 17.9.34701.34
MinimumVisualStudioVersion = 10.0.40219.1
Project("{FAE04EC0-301F-11D3-BF4B-00C04F79EFBC}") = "SudokuSolverForms", "SudokuSolverForms\SudokuSolverForms.csproj", "{199F8261-CEDB-4BB9-89B7-978F08BC26C0}"
EndProject
Global
	GlobalSection(SolutionConfigurationPlatforms) = preSolution
		Debug|Any CPU = Debug|Any CPU
		Release|Any CPU = Release|Any CPU
	EndGlobalSection
	GlobalSection(ProjectConfigurationPlatforms) = postSolution
		{199F8261-CEDB-4BB9-89B7-978F08BC26C0}.Debug|Any CPU.ActiveCfg = Debug|Any CPU
		{199F8261-CEDB-4BB9-89B7-978F08BC26C0}.Debug|Any CPU.Build.0 = Debug|Any CPU
		{199F8261-CEDB-4BB9-89B7-978F08BC26C0}.Release|Any CPU.ActiveCfg = Release|Any CPU
		{199F8261-CEDB-4BB9-89B7-978F08BC26C0}.Release|Any CPU.Build.0 = Release|Any CPU
	EndGlobalSection
	GlobalSection(SolutionProperties) = preSolution
		HideSolutionNode = FALSE
	EndGlobalSection
	GlobalSection(ExtensibilityGlobals) = postSolution
		SolutionGuid = {6D6F5601-E67F-4EF8-9D2F-FA486B64B309}
	EndGlobalSection
EndGlobal
